
Microsoft Visual Studio Solution File, Format Version 12.00
# Visual Studio Version 17
VisualStudioVersion = 17.5.002.0
MinimumVisualStudioVersion = 10.0.40219.1
Project("{9A19103F-16F7-4668-BE54-9A1E7A4F7556}") = "DesafioPOO", "DesafioPOO.csproj", "{D8B5B015-E7A5-4716-931D-1EB852C952D7}"
EndProject
Global
	GlobalSection(SolutionConfigurationPlatforms) = preSolution
		Debug|Any CPU = Debug|Any CPU
		Release|Any CPU = Release|Any CPU
	EndGlobalSection
	GlobalSection(ProjectConfigurationPlatforms) = postSolution
		{D8B5B015-E7A5-4716-931D-1EB852C952D7}.Debug|Any CPU.ActiveCfg = Debug|Any CPU
		{D8B5B015-E7A5-4716-931D-1EB852C952D7}.Debug|Any CPU.Build.0 = Debug|Any CPU
		{D8B5B015-E7A5-4716-931D-1EB852C952D7}.Release|Any CPU.ActiveCfg = Release|Any CPU
		{D8B5B015-E7A5-4716-931D-1EB852C952D7}.Release|Any CPU.Build.0 = Release|Any CPU
	EndGlobalSection
	GlobalSection(SolutionProperties) = preSolution
		HideSolutionNode = FALSE
	EndGlobalSection
	GlobalSection(ExtensibilityGlobals) = postSolution
		SolutionGuid = {7F36A9FA-2556-4AD6-9D05-536AAA7E4E76}
	EndGlobalSection
EndGlobal
